
Microsoft Visual Studio Solution File, Format Version 12.00
# Visual Studio Version 17
VisualStudioVersion = 17.2.32210.308
MinimumVisualStudioVersion = 10.0.40219.1
Project("{FAE04EC0-301F-11D3-BF4B-00C04F79EFBC}") = "LibMultiTargetTest", "LibMultiTargetTest\LibMultiTargetTest.csproj", "{EBCBDF71-8B62-4490-B75D-36BC49C8470F}"
EndProject
Global
	GlobalSection(SolutionConfigurationPlatforms) = preSolution
		Debug|Any CPU = Debug|Any CPU
		Release|Any CPU = Release|Any CPU
	EndGlobalSection
	GlobalSection(ProjectConfigurationPlatforms) = postSolution
		{EBCBDF71-8B62-4490-B75D-36BC49C8470F}.Debug|Any CPU.ActiveCfg = Debug|Any CPU
		{EBCBDF71-8B62-4490-B75D-36BC49C8470F}.Debug|Any CPU.Build.0 = Debug|Any CPU
		{EBCBDF71-8B62-4490-B75D-36BC49C8470F}.Release|Any CPU.ActiveCfg = Release|Any CPU
		{EBCBDF71-8B62-4490-B75D-36BC49C8470F}.Release|Any CPU.Build.0 = Release|Any CPU
	EndGlobalSection
	GlobalSection(SolutionProperties) = preSolution
		HideSolutionNode = FALSE
	EndGlobalSection
	GlobalSection(ExtensibilityGlobals) = postSolution
		SolutionGuid = {B1DF544D-03CD-466D-89ED-FFFC7E1D8558}
	EndGlobalSection
EndGlobal
